lockfileVersion: '9.0'

settings:
  autoInstallPeers: true
  excludeLinksFromLockfile: false

overrides:
  graffle: link:..

importers:

  .:
    dependencies:
      '@opentelemetry/sdk-trace-base':
        specifier: ^1.30.0
        version: 1.30.0(@opentelemetry/api@1.9.0)
      '@opentelemetry/sdk-trace-node':
        specifier: ^1.30.0
        version: 1.30.0(@opentelemetry/api@1.9.0)
      graffle:
        specifier: link:..
        version: link:..
      graphql:
        specifier: ^16.10.0
        version: 16.10.0
      typescript:
        specifier: ^5.7.2
        version: 5.7.2
    devDependencies:
      '@tsconfig/node20':
        specifier: ^20.1.4
        version: 20.1.4
      '@tsconfig/strictest':
        specifier: ^2.0.5
        version: 2.0.5

packages:

  '@opentelemetry/api@1.9.0':
    resolution: {integrity: sha512-3giAOQvZiH5F9bMlMiv8+GSPMeqg0dbaeo58/0SlA9sxSqZhnUtxzX9/2FzyhS9sWQf5S0GJE0AKBrFqjpeYcg==}
    engines: {node: '>=8.0.0'}

  '@opentelemetry/context-async-hooks@1.30.0':
    resolution: {integrity: sha512-roCetrG/cz0r/gugQm/jFo75UxblVvHaNSRoR0kSSRSzXFAiIBqFCZuH458BHBNRtRe+0yJdIJ21L9t94bw7+g==}
    engines: {node: '>=14'}
    peerDependencies:
      '@opentelemetry/api': '>=1.0.0 <1.10.0'

  '@opentelemetry/core@1.30.0':
    resolution: {integrity: sha512-Q/3u/K73KUjTCnFUP97ZY+pBjQ1kPEgjOfXj/bJl8zW7GbXdkw6cwuyZk6ZTXkVgCBsYRYUzx4fvYK1jxdb9MA==}
    engines: {node: '>=14'}
    peerDependencies:
      '@opentelemetry/api': '>=1.0.0 <1.10.0'

  '@opentelemetry/propagator-b3@1.30.0':
    resolution: {integrity: sha512-lcobQQmd+hLdtxJJKu/i51lNXmF1PJJ7Y9B97ciHRVQuMI260vSZG7Uf4Zg0fqR8PB+fT/7rnlDwS0M7QldZQQ==}
    engines: {node: '>=14'}
    peerDependencies:
      '@opentelemetry/api': '>=1.0.0 <1.10.0'

  '@opentelemetry/propagator-jaeger@1.30.0':
    resolution: {integrity: sha512-0hdP495V6HPRkVpowt54+Swn5NdesMIRof+rlp0mbnuIUOM986uF+eNxnPo9q5MmJegVBRTxgMHXXwvnXRnKRg==}
    engines: {node: '>=14'}
    peerDependencies:
      '@opentelemetry/api': '>=1.0.0 <1.10.0'

  '@opentelemetry/resources@1.30.0':
    resolution: {integrity: sha512-5mGMjL0Uld/99t7/pcd7CuVtJbkARckLVuiOX84nO8RtLtIz0/J6EOHM2TGvPZ6F4K+XjUq13gMx14w80SVCQg==}
    engines: {node: '>=14'}
    peerDependencies:
      '@opentelemetry/api': '>=1.0.0 <1.10.0'

  '@opentelemetry/sdk-trace-base@1.30.0':
    resolution: {integrity: sha512-RKQDaDIkV7PwizmHw+rE/FgfB2a6MBx+AEVVlAHXRG1YYxLiBpPX2KhmoB99R5vA4b72iJrjle68NDWnbrE9Dg==}
    engines: {node: '>=14'}
    peerDependencies:
      '@opentelemetry/api': '>=1.0.0 <1.10.0'

  '@opentelemetry/sdk-trace-node@1.30.0':
    resolution: {integrity: sha512-MeXkXEdBs9xq1JSGTr/3P1lHBSUBaVmo1+UpoQhUpviPMzDXy0MNsdTC7KKI6/YcG74lTX6eqeNjlC1jV4Rstw==}
    engines: {node: '>=14'}
    peerDependencies:
      '@opentelemetry/api': '>=1.0.0 <1.10.0'

  '@opentelemetry/semantic-conventions@1.28.0':
    resolution: {integrity: sha512-lp4qAiMTD4sNWW4DbKLBkfiMZ4jbAboJIGOQr5DvciMRI494OapieI9qiODpOt0XBr1LjIDy1xAGAnVs5supTA==}
    engines: {node: '>=14'}

  '@tsconfig/node20@20.1.4':
    resolution: {integrity: sha512-sqgsT69YFeLWf5NtJ4Xq/xAF8p4ZQHlmGW74Nu2tD4+g5fAsposc4ZfaaPixVu4y01BEiDCWLRDCvDM5JOsRxg==}

  '@tsconfig/strictest@2.0.5':
    resolution: {integrity: sha512-ec4tjL2Rr0pkZ5hww65c+EEPYwxOi4Ryv+0MtjeaSQRJyq322Q27eOQiFbuNgw2hpL4hB1/W/HBGk3VKS43osg==}

  graphql@16.10.0:
    resolution: {integrity: sha512-AjqGKbDGUFRKIRCP9tCKiIGHyriz2oHEbPIbEtcSLSs4YjReZOIPQQWek4+6hjw62H9QShXHyaGivGiYVLeYFQ==}
    engines: {node: ^12.22.0 || ^14.16.0 || ^16.0.0 || >=17.0.0}

  semver@7.6.3:
    resolution: {integrity: sha512-oVekP1cKtI+CTDvHWYFUcMtsK/00wmAEfyqKfNdARm8u1wNVhSgaX7A8d4UuIlUI5e84iEwOhs7ZPYRmzU9U6A==}
    engines: {node: '>=10'}
    hasBin: true

  typescript@5.7.2:
    resolution: {integrity: sha512-i5t66RHxDvVN40HfDd1PsEThGNnlMCMT3jMUuoh9/0TaqWevNontacunWyN02LA9/fIbEWlcHZcgTKb9QoaLfg==}
    engines: {node: '>=14.17'}
    hasBin: true

snapshots:

  '@opentelemetry/api@1.9.0': {}

  '@opentelemetry/context-async-hooks@1.30.0(@opentelemetry/api@1.9.0)':
    dependencies:
      '@opentelemetry/api': 1.9.0

  '@opentelemetry/core@1.30.0(@opentelemetry/api@1.9.0)':
    dependencies:
      '@opentelemetry/api': 1.9.0
      '@opentelemetry/semantic-conventions': 1.28.0

  '@opentelemetry/propagator-b3@1.30.0(@opentelemetry/api@1.9.0)':
    dependencies:
      '@opentelemetry/api': 1.9.0
      '@opentelemetry/core': 1.30.0(@opentelemetry/api@1.9.0)

  '@opentelemetry/propagator-jaeger@1.30.0(@opentelemetry/api@1.9.0)':
    dependencies:
      '@opentelemetry/api': 1.9.0
      '@opentelemetry/core': 1.30.0(@opentelemetry/api@1.9.0)

  '@opentelemetry/resources@1.30.0(@opentelemetry/api@1.9.0)':
    dependencies:
      '@opentelemetry/api': 1.9.0
      '@opentelemetry/core': 1.30.0(@opentelemetry/api@1.9.0)
      '@opentelemetry/semantic-conventions': 1.28.0

  '@opentelemetry/sdk-trace-base@1.30.0(@opentelemetry/api@1.9.0)':
    dependencies:
      '@opentelemetry/api': 1.9.0
      '@opentelemetry/core': 1.30.0(@opentelemetry/api@1.9.0)
      '@opentelemetry/resources': 1.30.0(@opentelemetry/api@1.9.0)
      '@opentelemetry/semantic-conventions': 1.28.0

  '@opentelemetry/sdk-trace-node@1.30.0(@opentelemetry/api@1.9.0)':
    dependencies:
      '@opentelemetry/api': 1.9.0
      '@opentelemetry/context-async-hooks': 1.30.0(@opentelemetry/api@1.9.0)
      '@opentelemetry/core': 1.30.0(@opentelemetry/api@1.9.0)
      '@opentelemetry/propagator-b3': 1.30.0(@opentelemetry/api@1.9.0)
      '@opentelemetry/propagator-jaeger': 1.30.0(@opentelemetry/api@1.9.0)
      '@opentelemetry/sdk-trace-base': 1.30.0(@opentelemetry/api@1.9.0)
      semver: 7.6.3

  '@opentelemetry/semantic-conventions@1.28.0': {}

  '@tsconfig/node20@20.1.4': {}

  '@tsconfig/strictest@2.0.5': {}

  graphql@16.10.0: {}

  semver@7.6.3: {}

  typescript@5.7.2: {}
